
Microsoft Visual Studio Solution File, Format Version 12.00
# Visual Studio 15
Project("{FAE04EC0-301F-11D3-BF4B-00C04F79EFBC}") = "BlankXFAppFromDll.Android", "BlankXFAppFromDll.Android\BlankXFAppFromDll.Android.csproj", "{F4666852-58E6-4706-9551-46790FF9AB5F}"
EndProject
Project("{FAE04EC0-301F-11D3-BF4B-00C04F79EFBC}") = "BlankXFAppFromDll.iOS", "BlankXFAppFromDll.iOS\BlankXFAppFromDll.iOS.csproj", "{4A568394-0F1D-4A82-8320-AFD7F68B6461}"
EndProject
Project("{FAE04EC0-301F-11D3-BF4B-00C04F79EFBC}") = "BlankXFAppFromDll", "BlankXFAppFromDll\BlankXFAppFromDll.csproj", "{0706C498-23DC-4201-93D8-C85F59738796}"
EndProject
Global
	GlobalSection(SolutionConfigurationPlatforms) = preSolution
		Debug|Any CPU = Debug|Any CPU
		Release|Any CPU = Release|Any CPU
		Debug|iPhoneSimulator = Debug|iPhoneSimulator
		Release|iPhoneSimulator = Release|iPhoneSimulator
		Debug|iPhone = Debug|iPhone
		Release|iPhone = Release|iPhone
	EndGlobalSection
	GlobalSection(ProjectConfigurationPlatforms) = postSolution
		{F4666852-58E6-4706-9551-46790FF9AB5F}.Debug|Any CPU.ActiveCfg = Debug|Any CPU
		{F4666852-58E6-4706-9551-46790FF9AB5F}.Debug|Any CPU.Build.0 = Debug|Any CPU
		{F4666852-58E6-4706-9551-46790FF9AB5F}.Release|Any CPU.ActiveCfg = Release|Any CPU
		{F4666852-58E6-4706-9551-46790FF9AB5F}.Release|Any CPU.Build.0 = Release|Any CPU
		{F4666852-58E6-4706-9551-46790FF9AB5F}.Debug|iPhoneSimulator.ActiveCfg = Debug|Any CPU
		{F4666852-58E6-4706-9551-46790FF9AB5F}.Debug|iPhoneSimulator.Build.0 = Debug|Any CPU
		{F4666852-58E6-4706-9551-46790FF9AB5F}.Release|iPhoneSimulator.ActiveCfg = Release|Any CPU
		{F4666852-58E6-4706-9551-46790FF9AB5F}.Release|iPhoneSimulator.Build.0 = Release|Any CPU
		{F4666852-58E6-4706-9551-46790FF9AB5F}.Debug|iPhone.ActiveCfg = Debug|Any CPU
		{F4666852-58E6-4706-9551-46790FF9AB5F}.Debug|iPhone.Build.0 = Debug|Any CPU
		{F4666852-58E6-4706-9551-46790FF9AB5F}.Release|iPhone.ActiveCfg = Release|Any CPU
		{F4666852-58E6-4706-9551-46790FF9AB5F}.Release|iPhone.Build.0 = Release|Any CPU
		{4A568394-0F1D-4A82-8320-AFD7F68B6461}.Debug|Any CPU.ActiveCfg = Debug|iPhoneSimulator
		{4A568394-0F1D-4A82-8320-AFD7F68B6461}.Debug|Any CPU.Build.0 = Debug|iPhoneSimulator
		{4A568394-0F1D-4A82-8320-AFD7F68B6461}.Release|Any CPU.ActiveCfg = Release|iPhoneSimulator
		{4A568394-0F1D-4A82-8320-AFD7F68B6461}.Release|Any CPU.Build.0 = Release|iPhoneSimulator
		{4A568394-0F1D-4A82-8320-AFD7F68B6461}.Debug|iPhoneSimulator.ActiveCfg = Debug|iPhoneSimulator
		{4A568394-0F1D-4A82-8320-AFD7F68B6461}.Debug|iPhoneSimulator.Build.0 = Debug|iPhoneSimulator
		{4A568394-0F1D-4A82-8320-AFD7F68B6461}.Release|iPhoneSimulator.ActiveCfg = Release|iPhoneSimulator
		{4A568394-0F1D-4A82-8320-AFD7F68B6461}.Release|iPhoneSimulator.Build.0 = Release|iPhoneSimulator
		{4A568394-0F1D-4A82-8320-AFD7F68B6461}.Debug|iPhone.ActiveCfg = Debug|iPhone
		{4A568394-0F1D-4A82-8320-AFD7F68B6461}.Debug|iPhone.Build.0 = Debug|iPhone
		{4A568394-0F1D-4A82-8320-AFD7F68B6461}.Release|iPhone.ActiveCfg = Release|iPhone
		{4A568394-0F1D-4A82-8320-AFD7F68B6461}.Release|iPhone.Build.0 = Release|iPhone
		{0706C498-23DC-4201-93D8-C85F59738796}.Debug|Any CPU.ActiveCfg = Debug|Any CPU
		{0706C498-23DC-4201-93D8-C85F59738796}.Debug|Any CPU.Build.0 = Debug|Any CPU
		{0706C498-23DC-4201-93D8-C85F59738796}.Release|Any CPU.ActiveCfg = Release|Any CPU
		{0706C498-23DC-4201-93D8-C85F59738796}.Release|Any CPU.Build.0 = Release|Any CPU
		{0706C498-23DC-4201-93D8-C85F59738796}.Debug|iPhoneSimulator.ActiveCfg = Debug|Any CPU
		{0706C498-23DC-4201-93D8-C85F59738796}.Debug|iPhoneSimulator.Build.0 = Debug|Any CPU
		{0706C498-23DC-4201-93D8-C85F59738796}.Release|iPhoneSimulator.ActiveCfg = Release|Any CPU
		{0706C498-23DC-4201-93D8-C85F59738796}.Release|iPhoneSimulator.Build.0 = Release|Any CPU
		{0706C498-23DC-4201-93D8-C85F59738796}.Debug|iPhone.ActiveCfg = Debug|Any CPU
		{0706C498-23DC-4201-93D8-C85F59738796}.Debug|iPhone.Build.0 = Debug|Any CPU
		{0706C498-23DC-4201-93D8-C85F59738796}.Release|iPhone.ActiveCfg = Release|Any CPU
		{0706C498-23DC-4201-93D8-C85F59738796}.Release|iPhone.Build.0 = Release|Any CPU
	EndGlobalSection
EndGlobal
